
Microsoft Visual Studio Solution File, Format Version 12.00
# Visual Studio 15
VisualStudioVersion = 15.0.27428.2037
MinimumVisualStudioVersion = 10.0.40219.1
Project("{FAE04EC0-301F-11D3-BF4B-00C04F79EFBC}") = "Programmering1_11.4-5", "Programmering1_11.4-5\Programmering1_11.4-5.csproj", "{D58AAE01-148B-41CF-9675-66C47317D509}"
EndProject
Global
	GlobalSection(SolutionConfigurationPlatforms) = preSolution
		Debug|Any CPU = Debug|Any CPU
		Release|Any CPU = Release|Any CPU
	EndGlobalSection
	GlobalSection(ProjectConfigurationPlatforms) = postSolution
		{D58AAE01-148B-41CF-9675-66C47317D509}.Debug|Any CPU.ActiveCfg = Debug|Any CPU
		{D58AAE01-148B-41CF-9675-66C47317D509}.Debug|Any CPU.Build.0 = Debug|Any CPU
		{D58AAE01-148B-41CF-9675-66C47317D509}.Release|Any CPU.ActiveCfg = Release|Any CPU
		{D58AAE01-148B-41CF-9675-66C47317D509}.Release|Any CPU.Build.0 = Release|Any CPU
	EndGlobalSection
	GlobalSection(SolutionProperties) = preSolution
		HideSolutionNode = FALSE
	EndGlobalSection
	GlobalSection(ExtensibilityGlobals) = postSolution
		SolutionGuid = {9A8C03C5-783F-4989-98A3-CF81D902D0B5}
	EndGlobalSection
EndGlobal
